
Microsoft Visual Studio Solution File, Format Version 12.00
# Visual Studio Version 17
VisualStudioVersion = 17.4.33213.308
MinimumVisualStudioVersion = 10.0.40219.1
Project("{FAE04EC0-301F-11D3-BF4B-00C04F79EFBC}") = "PetShop", "PetShop.csproj", "{4198D84A-2C6E-49F7-A4C1-24BE8E572752}"
EndProject
Global
	GlobalSection(SolutionConfigurationPlatforms) = preSolution
		Debug|Any CPU = Debug|Any CPU
		Release|Any CPU = Release|Any CPU
	EndGlobalSection
	GlobalSection(ProjectConfigurationPlatforms) = postSolution
		{4198D84A-2C6E-49F7-A4C1-24BE8E572752}.Debug|Any CPU.ActiveCfg = Debug|Any CPU
		{4198D84A-2C6E-49F7-A4C1-24BE8E572752}.Debug|Any CPU.Build.0 = Debug|Any CPU
		{4198D84A-2C6E-49F7-A4C1-24BE8E572752}.Release|Any CPU.ActiveCfg = Release|Any CPU
		{4198D84A-2C6E-49F7-A4C1-24BE8E572752}.Release|Any CPU.Build.0 = Release|Any CPU
	EndGlobalSection
	GlobalSection(SolutionProperties) = preSolution
		HideSolutionNode = FALSE
	EndGlobalSection
	GlobalSection(ExtensibilityGlobals) = postSolution
		SolutionGuid = {BF73B1A0-E184-40B2-B57B-378E58A3048C}
	EndGlobalSection
EndGlobal
